// !$*UTF8*$!
{
	archiveVersion = 1;
	classes = {
	};
	objectVersion = 46;
	objects = {

/* Begin PBXBuildFile section */
		3A69C6728A8AF3B243D60402 /* Pods_Pokedex.framework in Frameworks */ = {isa = PBXBuildFile; fileRef = ED299C3E6DCCB56C3F635444 /* Pods_Pokedex.framework */; };
		5C5F2FF81C487E0D001EEA73 /* AppDelegate.swift in Sources */ = {isa = PBXBuildFile; fileRef = 5C5F2FF71C487E0D001EEA73 /* AppDelegate.swift */; };
		5C5F2FFA1C487E0D001EEA73 /* ViewController.swift in Sources */ = {isa = PBXBuildFile; fileRef = 5C5F2FF91C487E0D001EEA73 /* ViewController.swift */; };
		5C5F2FFD1C487E0D001EEA73 /* Main.storyboard in Resources */ = {isa = PBXBuildFile; fileRef = 5C5F2FFB1C487E0D001EEA73 /* Main.storyboard */; };
		5C5F2FFF1C487E0D001EEA73 /* Assets.xcassets in Resources */ = {isa = PBXBuildFile; fileRef = 5C5F2FFE1C487E0D001EEA73 /* Assets.xcassets */; };
		5C5F30021C487E0D001EEA73 /* LaunchScreen.storyboard in Resources */ = {isa = PBXBuildFile; fileRef = 5C5F30001C487E0D001EEA73 /* LaunchScreen.storyboard */; };
		5C5F300D1C487E0E001EEA73 /* PokedexTests.swift in Sources */ = {isa = PBXBuildFile; fileRef = 5C5F300C1C487E0E001EEA73 /* PokedexTests.swift */; };
		5C5F30181C487E0E001EEA73 /* PokedexUITests.swift in Sources */ = {isa = PBXBuildFile; fileRef = 5C5F30171C487E0E001EEA73 /* PokedexUITests.swift */; };
		5C5F30261C488923001EEA73 /* English_Pokémon_logo.svg.png in Resources */ = {isa = PBXBuildFile; fileRef = 5C5F30251C488923001EEA73 /* English_Pokémon_logo.svg.png */; };
		5C5F30281C49F221001EEA73 /* PokedexViewController.swift in Sources */ = {isa = PBXBuildFile; fileRef = 5C5F30271C49F221001EEA73 /* PokedexViewController.swift */; };
		5C5F302A1C4A0626001EEA73 /* PokedexCollectionViewCell.swift in Sources */ = {isa = PBXBuildFile; fileRef = 5C5F30291C4A0626001EEA73 /* PokedexCollectionViewCell.swift */; };
		5CA758AD1C4B0952007D860B /* PokemonModel.swift in Sources */ = {isa = PBXBuildFile; fileRef = 5CA758AC1C4B0952007D860B /* PokemonModel.swift */; };
		5CA758AF1C4B32BA007D860B /* PokemonDetailViewController.swift in Sources */ = {isa = PBXBuildFile; fileRef = 5CA758AE1C4B32BA007D860B /* PokemonDetailViewController.swift */; };
		5CA758B11C4B56C7007D860B /* MoveCollectionViewCell.swift in Sources */ = {isa = PBXBuildFile; fileRef = 5CA758B01C4B56C7007D860B /* MoveCollectionViewCell.swift */; };
/* End PBXBuildFile section */

/* Begin PBXContainerItemProxy section */
		5C5F30091C487E0E001EEA73 /* PBXContainerItemProxy */ = {
			isa = PBXContainerItemProxy;
			containerPortal = 5C5F2FEC1C487E0D001EEA73 /* Project object */;
			proxyType = 1;
			remoteGlobalIDString = 5C5F2FF31C487E0D001EEA73;
			remoteInfo = Pokedex;
		};
		5C5F30141C487E0E001EEA73 /* PBXContainerItemProxy */ = {
			isa = PBXContainerItemProxy;
			containerPortal = 5C5F2FEC1C487E0D001EEA73 /* Project object */;
			proxyType = 1;
			remoteGlobalIDString = 5C5F2FF31C487E0D001EEA73;
			remoteInfo = Pokedex;
		};
/* End PBXContainerItemProxy section */

/* Begin PBXFileReference section */
		5C5F2FF41C487E0D001EEA73 /* Pokedex.app */ = {isa = PBXFileReference; explicitFileType = wrapper.application; includeInIndex = 0; path = Pokedex.app; sourceTree = BUILT_PRODUCTS_DIR; };
		5C5F2FF71C487E0D001EEA73 /* AppDelegate.swift */ = {isa = PBXFileReference; lastKnownFileType = sourcecode.swift; path = AppDelegate.swift; sourceTree = "<group>"; };
		5C5F2FF91C487E0D001EEA73 /* ViewController.swift */ = {isa = PBXFileReference; lastKnownFileType = sourcecode.swift; path = ViewController.swift; sourceTree = "<group>"; };
		5C5F2FFC1C487E0D001EEA73 /* Base */ = {isa = PBXFileReference; lastKnownFileType = file.storyboard; name = Base; path = Base.lproj/Main.storyboard; sourceTree = "<group>"; };
		5C5F2FFE1C487E0D001EEA73 /* Assets.xcassets */ = {isa = PBXFileReference; lastKnownFileType = folder.assetcatalog; path = Assets.xcassets; sourceTree = "<group>"; };
		5C5F30011C487E0D001EEA73 /* Base */ = {isa = PBXFileReference; lastKnownFileType = file.storyboard; name = Base; path = Base.lproj/LaunchScreen.storyboard; sourceTree = "<group>"; };
		5C5F30031C487E0D001EEA73 /* Info.plist */ = {isa = PBXFileReference; lastKnownFileType = text.plist.xml; path = Info.plist; sourceTree = "<group>"; };
		5C5F30081C487E0E001EEA73 /* PokedexTests.xctest */ = {isa = PBXFileReference; explicitFileType = wrapper.cfbundle; includeInIndex = 0; path = PokedexTests.xctest; sourceTree = BUILT_PRODUCTS_DIR; };
		5C5F300C1C487E0E001EEA73 /* PokedexTests.swift */ = {isa = PBXFileReference; lastKnownFileType = sourcecode.swift; path = PokedexTests.swift; sourceTree = "<group>"; };
		5C5F300E1C487E0E001EEA73 /* Info.plist */ = {isa = PBXFileReference; lastKnownFileType = text.plist.xml; path = Info.plist; sourceTree = "<group>"; };
		5C5F30131C487E0E001EEA73 /* PokedexUITests.xctest */ = {isa = PBXFileReference; explicitFileType = wrapper.cfbundle; includeInIndex = 0; path = PokedexUITests.xctest; sourceTree = BUILT_PRODUCTS_DIR; };
		5C5F30171C487E0E001EEA73 /* PokedexUITests.swift */ = {isa = PBXFileReference; lastKnownFileType = sourcecode.swift; path = PokedexUITests.swift; sourceTree = "<group>"; };
		5C5F30191C487E0E001EEA73 /* Info.plist */ = {isa = PBXFileReference; lastKnownFileType = text.plist.xml; path = Info.plist; sourceTree = "<group>"; };
		5C5F30251C488923001EEA73 /* English_Pokémon_logo.svg.png */ = {isa = PBXFileReference; lastKnownFileType = image.png; path = "English_Pokémon_logo.svg.png"; sourceTree = "<group>"; };
		5C5F30271C49F221001EEA73 /* PokedexViewController.swift */ = {isa = PBXFileReference; fileEncoding = 4; lastKnownFileType = sourcecode.swift; path = PokedexViewController.swift; sourceTree = "<group>"; };
		5C5F30291C4A0626001EEA73 /* PokedexCollectionViewCell.swift */ = {isa = PBXFileReference; fileEncoding = 4; lastKnownFileType = sourcecode.swift; path = PokedexCollectionViewCell.swift; sourceTree = "<group>"; };
		5CA758AC1C4B0952007D860B /* PokemonModel.swift */ = {isa = PBXFileReference; fileEncoding = 4; lastKnownFileType = sourcecode.swift; path = PokemonModel.swift; sourceTree = "<group>"; };
		5CA758AE1C4B32BA007D860B /* PokemonDetailViewController.swift */ = {isa = PBXFileReference; fileEncoding = 4; lastKnownFileType = sourcecode.swift; path = PokemonDetailViewController.swift; sourceTree = "<group>"; };
		5CA758B01C4B56C7007D860B /* MoveCollectionViewCell.swift */ = {isa = PBXFileReference; fileEncoding = 4; lastKnownFileType = sourcecode.swift; path = MoveCollectionViewCell.swift; sourceTree = "<group>"; };
		6BA2B80A4C271624A3EE7BDE /* Pods-Pokedex.debug.xcconfig */ = {isa = PBXFileReference; includeInIndex = 1; lastKnownFileType = text.xcconfig; name = "Pods-Pokedex.debug.xcconfig"; path = "Pods/Target Support Files/Pods-Pokedex/Pods-Pokedex.debug.xcconfig"; sourceTree = "<group>"; };
		E8B617106BBED8FD36AB986B /* Pods-Pokedex.release.xcconfig */ = {isa = PBXFileReference; includeInIndex = 1; lastKnownFileType = text.xcconfig; name = "Pods-Pokedex.release.xcconfig"; path = "Pods/Target Support Files/Pods-Pokedex/Pods-Pokedex.release.xcconfig"; sourceTree = "<group>"; };
		ED299C3E6DCCB56C3F635444 /* Pods_Pokedex.framework */ = {isa = PBXFileReference; explicitFileType = wrapper.framework; includeInIndex = 0; path = Pods_Pokedex.framework; sourceTree = BUILT_PRODUCTS_DIR; };
/* End PBXFileReference section */

/* Begin PBXFrameworksBuildPhase section */
		5C5F2FF11C487E0D001EEA73 /* Frameworks */ = {
			isa = PBXFrameworksBuildPhase;
			buildActionMask = 2147483647;
			files = (
				3A69C6728A8AF3B243D60402 /* Pods_Pokedex.framework in Frameworks */,
			);
			runOnlyForDeploymentPostprocessing = 0;
		};
		5C5F30051C487E0E001EEA73 /* Frameworks */ = {
			isa = PBXFrameworksBuildPhase;
			buildActionMask = 2147483647;
			files = (
			);
			runOnlyForDeploymentPostprocessing = 0;
		};
		5C5F30101C487E0E001EEA73 /* Frameworks */ = {
			isa = PBXFrameworksBuildPhase;
			buildActionMask = 2147483647;
			files = (
			);
			runOnlyForDeploymentPostprocessing = 0;
		};
/* End PBXFrameworksBuildPhase section */

/* Begin PBXGroup section */
		08FC33AF6833D758F202A82B /* Pods */ = {
			isa = PBXGroup;
			children = (
				6BA2B80A4C271624A3EE7BDE /* Pods-Pokedex.debug.xcconfig */,
				E8B617106BBED8FD36AB986B /* Pods-Pokedex.release.xcconfig */,
			);
			name = Pods;
			sourceTree = "<group>";
		};
		4731FC9D3FE52E0E37144589 /* Frameworks */ = {
			isa = PBXGroup;
			children = (
				ED299C3E6DCCB56C3F635444 /* Pods_Pokedex.framework */,
			);
			name = Frameworks;
			sourceTree = "<group>";
		};
		5C5F2FEB1C487E0D001EEA73 = {
			isa = PBXGroup;
			children = (
				5C5F2FF61C487E0D001EEA73 /* Pokedex */,
				5C5F300B1C487E0E001EEA73 /* PokedexTests */,
				5C5F30161C487E0E001EEA73 /* PokedexUITests */,
				5C5F2FF51C487E0D001EEA73 /* Products */,
				08FC33AF6833D758F202A82B /* Pods */,
				4731FC9D3FE52E0E37144589 /* Frameworks */,
			);
			sourceTree = "<group>";
		};
		5C5F2FF51C487E0D001EEA73 /* Products */ = {
			isa = PBXGroup;
			children = (
				5C5F2FF41C487E0D001EEA73 /* Pokedex.app */,
				5C5F30081C487E0E001EEA73 /* PokedexTests.xctest */,
				5C5F30131C487E0E001EEA73 /* PokedexUITests.xctest */,
			);
			name = Products;
			sourceTree = "<group>";
		};
		5C5F2FF61C487E0D001EEA73 /* Pokedex */ = {
			isa = PBXGroup;
			children = (
				5C5F2FF71C487E0D001EEA73 /* AppDelegate.swift */,
				5C5F2FF91C487E0D001EEA73 /* ViewController.swift */,
				5C5F2FFB1C487E0D001EEA73 /* Main.storyboard */,
				5C5F2FFE1C487E0D001EEA73 /* Assets.xcassets */,
				5C5F30251C488923001EEA73 /* English_Pokémon_logo.svg.png */,
				5C5F30001C487E0D001EEA73 /* LaunchScreen.storyboard */,
				5C5F30031C487E0D001EEA73 /* Info.plist */,
				5C5F30271C49F221001EEA73 /* PokedexViewController.swift */,
				5C5F30291C4A0626001EEA73 /* PokedexCollectionViewCell.swift */,
				5CA758AC1C4B0952007D860B /* PokemonModel.swift */,
				5CA758AE1C4B32BA007D860B /* PokemonDetailViewController.swift */,
				5CA758B01C4B56C7007D860B /* MoveCollectionViewCell.swift */,
			);
			path = Pokedex;
			sourceTree = "<group>";
		};
		5C5F300B1C487E0E001EEA73 /* PokedexTests */ = {
			isa = PBXGroup;
			children = (
				5C5F300C1C487E0E001EEA73 /* PokedexTests.swift */,
				5C5F300E1C487E0E001EEA73 /* Info.plist */,
			);
			path = PokedexTests;
			sourceTree = "<group>";
		};
		5C5F30161C487E0E001EEA73 /* PokedexUITests */ = {
			isa = PBXGroup;
			children = (
				5C5F30171C487E0E001EEA73 /* PokedexUITests.swift */,
				5C5F30191C487E0E001EEA73 /* Info.plist */,
			);
			path = PokedexUITests;
			sourceTree = "<group>";
		};
/* End PBXGroup section */

/* Begin PBXNativeTarget section */
		5C5F2FF31C487E0D001EEA73 /* Pokedex */ = {
			isa = PBXNativeTarget;
			buildConfigurationList = 5C5F301C1C487E0E001EEA73 /* Build configuration list for PBXNativeTarget "Pokedex" */;
			buildPhases = (
				7AC32D92BE936C7CD7FE2054 /* Check Pods Manifest.lock */,
				5C5F2FF01C487E0D001EEA73 /* Sources */,
				5C5F2FF11C487E0D001EEA73 /* Frameworks */,
				5C5F2FF21C487E0D001EEA73 /* Resources */,
				3C6B12D491A836BEB8D88D90 /* Embed Pods Frameworks */,
				D61AF6662EB5D950F06853E9 /* Copy Pods Resources */,
			);
			buildRules = (
			);
			dependencies = (
			);
			name = Pokedex;
			productName = Pokedex;
			productReference = 5C5F2FF41C487E0D001EEA73 /* Pokedex.app */;
			productType = "com.apple.product-type.application";
		};
		5C5F30071C487E0E001EEA73 /* PokedexTests */ = {
			isa = PBXNativeTarget;
			buildConfigurationList = 5C5F301F1C487E0E001EEA73 /* Build configuration list for PBXNativeTarget "PokedexTests" */;
			buildPhases = (
				5C5F30041C487E0E001EEA73 /* Sources */,
				5C5F30051C487E0E001EEA73 /* Frameworks */,
				5C5F30061C487E0E001EEA73 /* Resources */,
			);
			buildRules = (
			);
			dependencies = (
				5C5F300A1C487E0E001EEA73 /* PBXTargetDependency */,
			);
			name = PokedexTests;
			productName = PokedexTests;
			productReference = 5C5F30081C487E0E001EEA73 /* PokedexTests.xctest */;
			productType = "com.apple.product-type.bundle.unit-test";
		};
		5C5F30121C487E0E001EEA73 /* PokedexUITests */ = {
			isa = PBXNativeTarget;
			buildConfigurationList = 5C5F30221C487E0E001EEA73 /* Build configuration list for PBXNativeTarget "PokedexUITests" */;
			buildPhases = (
				5C5F300F1C487E0E001EEA73 /* Sources */,
				5C5F30101C487E0E001EEA73 /* Frameworks */,
				5C5F30111C487E0E001EEA73 /* Resources */,
			);
			buildRules = (
			);
			dependencies = (
				5C5F30151C487E0E001EEA73 /* PBXTargetDependency */,
			);
			name = PokedexUITests;
			productName = PokedexUITests;
			productReference = 5C5F30131C487E0E001EEA73 /* PokedexUITests.xctest */;
			productType = "com.apple.product-type.bundle.ui-testing";
		};
/* End PBXNativeTarget section */

/* Begin PBXProject section */
		5C5F2FEC1C487E0D001EEA73 /* Project object */ = {
			isa = PBXProject;
			attributes = {
				LastSwiftUpdateCheck = 0720;
				LastUpgradeCheck = 0720;
				ORGANIZATIONNAME = "Matthew Piccolella";
				TargetAttributes = {
					5C5F2FF31C487E0D001EEA73 = {
						CreatedOnToolsVersion = 7.2;
					};
					5C5F30071C487E0E001EEA73 = {
						CreatedOnToolsVersion = 7.2;
						TestTargetID = 5C5F2FF31C487E0D001EEA73;
					};
					5C5F30121C487E0E001EEA73 = {
						CreatedOnToolsVersion = 7.2;
						TestTargetID = 5C5F2FF31C487E0D001EEA73;
					};
				};
			};
			buildConfigurationList = 5C5F2FEF1C487E0D001EEA73 /* Build configuration list for PBXProject "Pokedex" */;
			compatibilityVersion = "Xcode 3.2";
			developmentRegion = English;
			hasScannedForEncodings = 0;
			knownRegions = (
				en,
				Base,
			);
			mainGroup = 5C5F2FEB1C487E0D001EEA73;
			productRefGroup = 5C5F2FF51C487E0D001EEA73 /* Products */;
			projectDirPath = "";
			projectRoot = "";
			targets = (
				5C5F2FF31C487E0D001EEA73 /* Pokedex */,
				5C5F30071C487E0E001EEA73 /* PokedexTests */,
				5C5F30121C487E0E001EEA73 /* PokedexUITests */,
			);
		};
/* End PBXProject section */

/* Begin PBXResourcesBuildPhase section */
		5C5F2FF21C487E0D001EEA73 /* Resources */ = {
			isa = PBXResourcesBuildPhase;
			buildActionMask = 2147483647;
			files = (
				5C5F30021C487E0D001EEA73 /* LaunchScreen.storyboard in Resources */,
				5C5F30261C488923001EEA73 /* English_Pokémon_logo.svg.png in Resources */,
				5C5F2FFF1C487E0D001EEA73 /* Assets.xcassets in Resources */,
				5C5F2FFD1C487E0D001EEA73 /* Main.storyboard in Resources */,
			);
			runOnlyForDeploymentPostprocessing = 0;
		};
		5C5F30061C487E0E001EEA73 /* Resources */ = {
			isa = PBXResourcesBuildPhase;
			buildActionMask = 2147483647;
			files = (
			);
			runOnlyForDeploymentPostprocessing = 0;
		};
		5C5F30111C487E0E001EEA73 /* Resources */ = {
			isa = PBXResourcesBuildPhase;
			buildActionMask = 2147483647;
			files = (
			);
			runOnlyForDeploymentPostprocessing = 0;
		};
/* End PBXResourcesBuildPhase section */

/* Begin PBXShellScriptBuildPhase section */
		3C6B12D491A836BEB8D88D90 /* Embed Pods Frameworks */ = {
			isa = PBXShellScriptBuildPhase;
			buildActionMask = 2147483647;
			files = (
			);
			inputPaths = (
			);
			name = "Embed Pods Frameworks";
			outputPaths = (
			);
			runOnlyForDeploymentPostprocessing = 0;
			shellPath = /bin/sh;
			shellScript = "\"${SRCROOT}/Pods/Target Support Files/Pods-Pokedex/Pods-Pokedex-frameworks.sh\"\n";
			showEnvVarsInLog = 0;
		};
		7AC32D92BE936C7CD7FE2054 /* Check Pods Manifest.lock */ = {
			isa = PBXShellScriptBuildPhase;
			buildActionMask = 2147483647;
			files = (
			);
			inputPaths = (
			);
			name = "Check Pods Manifest.lock";
			outputPaths = (
			);
			runOnlyForDeploymentPostprocessing = 0;
			shellPath = /bin/sh;
			shellScript = "diff \"${PODS_ROOT}/../Podfile.lock\" \"${PODS_ROOT}/Manifest.lock\" > /dev/null\nif [[ $? != 0 ]] ; then\n    cat << EOM\nerror: The sandbox is not in sync with the Podfile.lock. Run 'pod install' or update your CocoaPods installation.\nEOM\n    exit 1\nfi\n";
			showEnvVarsInLog = 0;
		};
		D61AF6662EB5D950F06853E9 /* Copy Pods Resources */ = {
			isa = PBXShellScriptBuildPhase;
			buildActionMask = 2147483647;
			files = (
			);
			inputPaths = (
			);
			name = "Copy Pods Resources";
			outputPaths = (
			);
			runOnlyForDeploymentPostprocessing = 0;
			shellPath = /bin/sh;
			shellScript = "\"${SRCROOT}/Pods/Target Support Files/Pods-Pokedex/Pods-Pokedex-resources.sh\"\n";
			showEnvVarsInLog = 0;
		};
/* End PBXShellScriptBuildPhase section */

/* Begin PBXSourcesBuildPhase section */
		5C5F2FF01C487E0D001EEA73 /* Sources */ = {
			isa = PBXSourcesBuildPhase;
			buildActionMask = 2147483647;
			files = (
				5CA758B11C4B56C7007D860B /* MoveCollectionViewCell.swift in Sources */,
				5C5F30281C49F221001EEA73 /* PokedexViewController.swift in Sources */,
				5C5F302A1C4A0626001EEA73 /* PokedexCollectionViewCell.swift in Sources */,
				5C5F2FFA1C487E0D001EEA73 /* ViewController.swift in Sources */,
				5CA758AD1C4B0952007D860B /* PokemonModel.swift in Sources */,
				5C5F2FF81C487E0D001EEA73 /* AppDelegate.swift in Sources */,
				5CA758AF1C4B32BA007D860B /* PokemonDetailViewController.swift in Sources */,
			);
			runOnlyForDeploymentPostprocessing = 0;
		};
		5C5F30041C487E0E001EEA73 /* Sources */ = {
			isa = PBXSourcesBuildPhase;
			buildActionMask = 2147483647;
			files = (
				5C5F300D1C487E0E001EEA73 /* PokedexTests.swift in Sources */,
			);
			runOnlyForDeploymentPostprocessing = 0;
		};
		5C5F300F1C487E0E001EEA73 /* Sources */ = {
			isa = PBXSourcesBuildPhase;
			buildActionMask = 2147483647;
			files = (
				5C5F30181C487E0E001EEA73 /* PokedexUITests.swift in Sources */,
			);
			runOnlyForDeploymentPostprocessing = 0;
		};
/* End PBXSourcesBuildPhase section */

/* Begin PBXTargetDependency section */
		5C5F300A1C487E0E001EEA73 /* PBXTargetDependency */ = {
			isa = PBXTargetDependency;
			target = 5C5F2FF31C487E0D001EEA73 /* Pokedex */;
			targetProxy = 5C5F30091C487E0E001EEA73 /* PBXContainerItemProxy */;
		};
		5C5F30151C487E0E001EEA73 /* PBXTargetDependency */ = {
			isa = PBXTargetDependency;
			target = 5C5F2FF31C487E0D001EEA73 /* Pokedex */;
			targetProxy = 5C5F30141C487E0E001EEA73 /* PBXContainerItemProxy */;
		};
/* End PBXTargetDependency section */

/* Begin PBXVariantGroup section */
		5C5F2FFB1C487E0D001EEA73 /* Main.storyboard */ = {
			isa = PBXVariantGroup;
			children = (
				5C5F2FFC1C487E0D001EEA73 /* Base */,
			);
			name = Main.storyboard;
			sourceTree = "<group>";
		};
		5C5F30001C487E0D001EEA73 /* LaunchScreen.storyboard */ = {
			isa = PBXVariantGroup;
			children = (
				5C5F30011C487E0D001EEA73 /* Base */,
			);
			name = LaunchScreen.storyboard;
			sourceTree = "<group>";
		};
/* End PBXVariantGroup section */

/* Begin XCBuildConfiguration section */
		5C5F301A1C487E0E001EEA73 /* Debug */ = {
			isa = XCBuildConfiguration;
			buildSettings = {
				ALWAYS_SEARCH_USER_PATHS = NO;
				CLANG_CXX_LANGUAGE_STANDARD = "gnu++0x";
				CLANG_CXX_LIBRARY = "libc++";
				CLANG_ENABLE_MODULES = YES;
				CLANG_ENABLE_OBJC_ARC = YES;
				CLANG_WARN_BOOL_CONVERSION = YES;
				CLANG_WARN_CONSTANT_CONVERSION = YES;
				CLANG_WARN_DIRECT_OBJC_ISA_USAGE = YES_ERROR;
				CLANG_WARN_EMPTY_BODY = YES;
				CLANG_WARN_ENUM_CONVERSION = YES;
				CLANG_WARN_INT_CONVERSION = YES;
				CLANG_WARN_OBJC_ROOT_CLASS = YES_ERROR;
				CLANG_WARN_UNREACHABLE_CODE = YES;
				CLANG_WARN__DUPLICATE_METHOD_MATCH = YES;
				"CODE_SIGN_IDENTITY[sdk=iphoneos*]" = "iPhone Developer";
				COPY_PHASE_STRIP = NO;
				DEBUG_INFORMATION_FORMAT = dwarf;
				ENABLE_STRICT_OBJC_MSGSEND = YES;
				ENABLE_TESTABILITY = YES;
				GCC_C_LANGUAGE_STANDARD = gnu99;
				GCC_DYNAMIC_NO_PIC = NO;
				GCC_NO_COMMON_BLOCKS = YES;
				GCC_OPTIMIZATION_LEVEL = 0;
				GCC_PREPROCESSOR_DEFINITIONS = (
					"DEBUG=1",
					"$(inherited)",
				);
				GCC_WARN_64_TO_32_BIT_CONVERSION = YES;
				GCC_WARN_ABOUT_RETURN_TYPE = YES_ERROR;
				GCC_WARN_UNDECLARED_SELECTOR = YES;
				GCC_WARN_UNINITIALIZED_AUTOS = YES_AGGRESSIVE;
				GCC_WARN_UNUSED_FUNCTION = YES;
				GCC_WARN_UNUSED_VARIABLE = YES;
				IPHONEOS_DEPLOYMENT_TARGET = 9.2;
				MTL_ENABLE_DEBUG_INFO = YES;
				ONLY_ACTIVE_ARCH = YES;
				SDKROOT = iphoneos;
				SWIFT_OPTIMIZATION_LEVEL = "-Onone";
			};
			name = Debug;
		};
		5C5F301B1C487E0E001EEA73 /* Release */ = {
			isa = XCBuildConfiguration;
			buildSettings = {
				ALWAYS_SEARCH_USER_PATHS = NO;
				CLANG_CXX_LANGUAGE_STANDARD = "gnu++0x";
				CLANG_CXX_LIBRARY = "libc++";
				CLANG_ENABLE_MODULES = YES;
				CLANG_ENABLE_OBJC_ARC = YES;
				CLANG_WARN_BOOL_CONVERSION = YES;
				CLANG_WARN_CONSTANT_CONVERSION = YES;
				CLANG_WARN_DIRECT_OBJC_ISA_USAGE = YES_ERROR;
				CLANG_WARN_EMPTY_BODY = YES;
				CLANG_WARN_ENUM_CONVERSION = YES;
				CLANG_WARN_INT_CONVERSION = YES;
				CLANG_WARN_OBJC_ROOT_CLASS = YES_ERROR;
				CLANG_WARN_UNREACHABLE_CODE = YES;
				CLANG_WARN__DUPLICATE_METHOD_MATCH = YES;
				"CODE_SIGN_IDENTITY[sdk=iphoneos*]" = "iPhone Developer";
				COPY_PHASE_STRIP = NO;
				DEBUG_INFORMATION_FORMAT = "dwarf-with-dsym";
				ENABLE_NS_ASSERTIONS = NO;
				ENABLE_STRICT_OBJC_MSGSEND = YES;
				GCC_C_LANGUAGE_STANDARD = gnu99;
				GCC_NO_COMMON_BLOCKS = YES;
				GCC_WARN_64_TO_32_BIT_CONVERSION = YES;
				GCC_WARN_ABOUT_RETURN_TYPE = YES_ERROR;
				GCC_WARN_UNDECLARED_SELECTOR = YES;
				GCC_WARN_UNINITIALIZED_AUTOS = YES_AGGRESSIVE;
				GCC_WARN_UNUSED_FUNCTION = YES;
				GCC_WARN_UNUSED_VARIABLE = YES;
				IPHONEOS_DEPLOYMENT_TARGET = 9.2;
				MTL_ENABLE_DEBUG_INFO = NO;
				SDKROOT = iphoneos;
				VALIDATE_PRODUCT = YES;
			};
			name = Release;
		};
		5C5F301D1C487E0E001EEA73 /* Debug */ = {
			isa = XCBuildConfiguration;
			baseConfigurationReference = 6BA2B80A4C271624A3EE7BDE /* Pods-Pokedex.debug.xcconfig */;
			buildSettings = {
				ASSETCATALOG_COMPILER_APPICON_NAME = AppIcon;
				INFOPLIST_FILE = Pokedex/Info.plist;
				LD_RUNPATH_SEARCH_PATHS = "$(inherited) @executable_path/Frameworks";
				PRODUCT_BUNDLE_IDENTIFIER = MattPiccolella.edu.Pokedex;
				PRODUCT_NAME = "$(TARGET_NAME)";
			};
			name = Debug;
		};
		5C5F301E1C487E0E001EEA73 /* Release */ = {
			isa = XCBuildConfiguration;
			baseConfigurationReference = E8B617106BBED8FD36AB986B /* Pods-Pokedex.release.xcconfig */;
			buildSettings = {
				ASSETCATALOG_COMPILER_APPICON_NAME = AppIcon;
				INFOPLIST_FILE = Pokedex/Info.plist;
				LD_RUNPATH_SEARCH_PATHS = "$(inherited) @executable_path/Frameworks";
				PRODUCT_BUNDLE_IDENTIFIER = MattPiccolella.edu.Pokedex;
				PRODUCT_NAME = "$(TARGET_NAME)";
			};
			name = Release;
		};
		5C5F30201C487E0E001EEA73 /* Debug */ = {
			isa = XCBuildConfiguration;
			buildSettings = {
				BUNDLE_LOADER = "$(TEST_HOST)";
				INFOPLIST_FILE = PokedexTests/Info.plist;
				LD_RUNPATH_SEARCH_PATHS = "$(inherited) @executable_path/Frameworks @loader_path/Frameworks";
				PRODUCT_BUNDLE_IDENTIFIER = MattPiccolella.edu.PokedexTests;
				PRODUCT_NAME = "$(TARGET_NAME)";
				TEST_HOST = "$(BUILT_PRODUCTS_DIR)/Pokedex.app/Pokedex";
			};
			name = Debug;
		};
		5C5F30211C487E0E001EEA73 /* Release */ = {
			isa = XCBuildConfiguration;
			buildSettings = {
				BUNDLE_LOADER = "$(TEST_HOST)";
				INFOPLIST_FILE = PokedexTests/Info.plist;
				LD_RUNPATH_SEARCH_PATHS = "$(inherited) @executable_path/Frameworks @loader_path/Frameworks";
				PRODUCT_BUNDLE_IDENTIFIER = MattPiccolella.edu.PokedexTests;
				PRODUCT_NAME = "$(TARGET_NAME)";
				TEST_HOST = "$(BUILT_PRODUCTS_DIR)/Pokedex.app/Pokedex";
			};
			name = Release;
		};
		5C5F30231C487E0E001EEA73 /* Debug */ = {
			isa = XCBuildConfiguration;
			buildSettings = {
				INFOPLIST_FILE = PokedexUITests/Info.plist;
				LD_RUNPATH_SEARCH_PATHS = "$(inherited) @executable_path/Frameworks @loader_path/Frameworks";
				PRODUCT_BUNDLE_IDENTIFIER = MattPiccolella.edu.PokedexUITests;
				PRODUCT_NAME = "$(TARGET_NAME)";
				TEST_TARGET_NAME = Pokedex;
				USES_XCTRUNNER = YES;
			};
			name = Debug;
		};
		5C5F30241C487E0E001EEA73 /* Release */ = {
			isa = XCBuildConfiguration;
			buildSettings = {
				INFOPLIST_FILE = PokedexUITests/Info.plist;
				LD_RUNPATH_SEARCH_PATHS = "$(inherited) @executable_path/Frameworks @loader_path/Frameworks";
				PRODUCT_BUNDLE_IDENTIFIER = MattPiccolella.edu.PokedexUITests;
				PRODUCT_NAME = "$(TARGET_NAME)";
				TEST_TARGET_NAME = Pokedex;
				USES_XCTRUNNER = YES;
			};
			name = Release;
		};
/* End XCBuildConfiguration section */

/* Begin XCConfigurationList section */
		5C5F2FEF1C487E0D001EEA73 /* Build configuration list for PBXProject "Pokedex" */ = {
			isa = XCConfigurationList;
			buildConfigurations = (
				5C5F301A1C487E0E001EEA73 /* Debug */,
				5C5F301B1C487E0E001EEA73 /* Release */,
			);
			defaultConfigurationIsVisible = 0;
			defaultConfigurationName = Release;
		};
		5C5F301C1C487E0E001EEA73 /* Build configuration list for PBXNativeTarget "Pokedex" */ = {
			isa = XCConfigurationList;
			buildConfigurations = (
				5C5F301D1C487E0E001EEA73 /* Debug */,
				5C5F301E1C487E0E001EEA73 /* Release */,
			);
			defaultConfigurationIsVisible = 0;
			defaultConfigurationName = Release;
		};
		5C5F301F1C487E0E001EEA73 /* Build configuration list for PBXNativeTarget "PokedexTests" */ = {
			isa = XCConfigurationList;
			buildConfigurations = (
				5C5F30201C487E0E001EEA73 /* Debug */,
				5C5F30211C487E0E001EEA73 /* Release */,
			);
			defaultConfigurationIsVisible = 0;
			defaultConfigurationName = Release;
		};
		5C5F30221C487E0E001EEA73 /* Build configuration list for PBXNativeTarget "PokedexUITests" */ = {
			isa = XCConfigurationList;
			buildConfigurations = (
				5C5F30231C487E0E001EEA73 /* Debug */,
				5C5F30241C487E0E001EEA73 /* Release */,
			);
			defaultConfigurationIsVisible = 0;
			defaultConfigurationName = Release;
		};
/* End XCConfigurationList section */
	};
	rootObject = 5C5F2FEC1C487E0D001EEA73 /* Project object */;
}
